Microsoft Visual Studio Solution File, Format Version 12.00
# Visual Studio Version 17
VisualStudioVersion = 17.5.2.0
MinimumVisualStudioVersion = 10.0.40219.1
Project("{FAE04EC0-301F-11D3-BF4B-00C04F79EFBC}") = "testmain", "testmain.csproj", "{C072638C-979C-7920-CF69-5E76AC2BDEB7}"
EndProject
Global
	GlobalSection(SolutionConfigurationPlatforms) = preSolution
		Debug|Any CPU = Debug|Any CPU
		Release|Any CPU = Release|Any CPU
	EndGlobalSection
	GlobalSection(ProjectConfigurationPlatforms) = postSolution
		{C072638C-979C-7920-CF69-5E76AC2BDEB7}.Debug|Any CPU.ActiveCfg = Debug|Any CPU
		{C072638C-979C-7920-CF69-5E76AC2BDEB7}.Debug|Any CPU.Build.0 = Debug|Any CPU
		{C072638C-979C-7920-CF69-5E76AC2BDEB7}.Release|Any CPU.ActiveCfg = Release|Any CPU
		{C072638C-979C-7920-CF69-5E76AC2BDEB7}.Release|Any CPU.Build.0 = Release|Any CPU
	EndGlobalSection
	GlobalSection(SolutionProperties) = preSolution
		HideSolutionNode = FALSE
	EndGlobalSection
	GlobalSection(ExtensibilityGlobals) = postSolution
<<<<<<< HEAD
		SolutionGuid = {0AE6EDBC-B3CE-44A1-AFBF-06EF1226F314}
=======
		SolutionGuid = {04233B33-A6A0-4557-A274-BD1547F6536F}
>>>>>>> dev
	EndGlobalSection
EndGlobal
